
Microsoft Visual Studio Solution File, Format Version 12.00
# Visual Studio Version 17
VisualStudioVersion = 17.4.33213.308
MinimumVisualStudioVersion = 10.0.40219.1
Project("{9A19103F-16F7-4668-BE54-9A1E7A4F7556}") = "csharp_method_practice", "csharp_method_practice\csharp_method_practice.csproj", "{599706C7-8F48-4B40-BA60-22805173F8A2}"
EndProject
Project("{9A19103F-16F7-4668-BE54-9A1E7A4F7556}") = "Int32_Methods", "Int32_Methods\Int32_Methods.csproj", "{54B2A019-5A7B-4694-A337-23A1426B6546}"
EndProject
Project("{FAE04EC0-301F-11D3-BF4B-00C04F79EFBC}") = "LeetCode", "LeetCode\LeetCode.csproj", "{AC5366FB-7E99-46CF-AC07-CF8843C33706}"
EndProject
Global
	GlobalSection(SolutionConfigurationPlatforms) = preSolution
		Debug|Any CPU = Debug|Any CPU
		Release|Any CPU = Release|Any CPU
	EndGlobalSection
	GlobalSection(ProjectConfigurationPlatforms) = postSolution
		{599706C7-8F48-4B40-BA60-22805173F8A2}.Debug|Any CPU.ActiveCfg = Debug|Any CPU
		{599706C7-8F48-4B40-BA60-22805173F8A2}.Debug|Any CPU.Build.0 = Debug|Any CPU
		{599706C7-8F48-4B40-BA60-22805173F8A2}.Release|Any CPU.ActiveCfg = Release|Any CPU
		{599706C7-8F48-4B40-BA60-22805173F8A2}.Release|Any CPU.Build.0 = Release|Any CPU
		{54B2A019-5A7B-4694-A337-23A1426B6546}.Debug|Any CPU.ActiveCfg = Debug|Any CPU
		{54B2A019-5A7B-4694-A337-23A1426B6546}.Debug|Any CPU.Build.0 = Debug|Any CPU
		{54B2A019-5A7B-4694-A337-23A1426B6546}.Release|Any CPU.ActiveCfg = Release|Any CPU
		{54B2A019-5A7B-4694-A337-23A1426B6546}.Release|Any CPU.Build.0 = Release|Any CPU
		{AC5366FB-7E99-46CF-AC07-CF8843C33706}.Debug|Any CPU.ActiveCfg = Debug|Any CPU
		{AC5366FB-7E99-46CF-AC07-CF8843C33706}.Debug|Any CPU.Build.0 = Debug|Any CPU
		{AC5366FB-7E99-46CF-AC07-CF8843C33706}.Release|Any CPU.ActiveCfg = Release|Any CPU
		{AC5366FB-7E99-46CF-AC07-CF8843C33706}.Release|Any CPU.Build.0 = Release|Any CPU
	EndGlobalSection
	GlobalSection(SolutionProperties) = preSolution
		HideSolutionNode = FALSE
	EndGlobalSection
	GlobalSection(ExtensibilityGlobals) = postSolution
		SolutionGuid = {C62AA5AB-1872-4A47-8399-E14F18349922}
	EndGlobalSection
EndGlobal
